
Microsoft Visual Studio Solution File, Format Version 12.00
# Visual Studio Version 17
VisualStudioVersion = 17.7.34221.43
MinimumVisualStudioVersion = 10.0.40219.1
Project("{2150E333-8FDC-42A3-9474-1A3956D46DE8}") = "FrontEnd", "FrontEnd", "{748DDC2A-2CA9-4201-9DB0-7B63864B0E48}"
EndProject
Project("{2150E333-8FDC-42A3-9474-1A3956D46DE8}") = "Service", "Service", "{85B3A118-64F5-44A2-998D-FFAC78E48D3C}"
EndProject
Project("{9A19103F-16F7-4668-BE54-9A1E7A4F7556}") = "AnimeShopping.Web", "AnimeShopping.Web\AnimeShopping.Web.csproj", "{0DAEE850-FC5B-4E82-A617-A7F8F16B6F5F}"
EndProject
Project("{9A19103F-16F7-4668-BE54-9A1E7A4F7556}") = "AnimeShopping.ProductAPI", "AnimeShopping.ProductAPI\AnimeShopping.ProductAPI.csproj", "{8A5EB86F-6FD1-4B54-AD62-6FBBC64EB2E5}"
EndProject
Global
	GlobalSection(SolutionConfigurationPlatforms) = preSolution
		Debug|Any CPU = Debug|Any CPU
		Release|Any CPU = Release|Any CPU
	EndGlobalSection
	GlobalSection(ProjectConfigurationPlatforms) = postSolution
		{0DAEE850-FC5B-4E82-A617-A7F8F16B6F5F}.Debug|Any CPU.ActiveCfg = Debug|Any CPU
		{0DAEE850-FC5B-4E82-A617-A7F8F16B6F5F}.Debug|Any CPU.Build.0 = Debug|Any CPU
		{0DAEE850-FC5B-4E82-A617-A7F8F16B6F5F}.Release|Any CPU.ActiveCfg = Release|Any CPU
		{0DAEE850-FC5B-4E82-A617-A7F8F16B6F5F}.Release|Any CPU.Build.0 = Release|Any CPU
		{8A5EB86F-6FD1-4B54-AD62-6FBBC64EB2E5}.Debug|Any CPU.ActiveCfg = Debug|Any CPU
		{8A5EB86F-6FD1-4B54-AD62-6FBBC64EB2E5}.Debug|Any CPU.Build.0 = Debug|Any CPU
		{8A5EB86F-6FD1-4B54-AD62-6FBBC64EB2E5}.Release|Any CPU.ActiveCfg = Release|Any CPU
		{8A5EB86F-6FD1-4B54-AD62-6FBBC64EB2E5}.Release|Any CPU.Build.0 = Release|Any CPU
	EndGlobalSection
	GlobalSection(SolutionProperties) = preSolution
		HideSolutionNode = FALSE
	EndGlobalSection
	GlobalSection(NestedProjects) = preSolution
		{0DAEE850-FC5B-4E82-A617-A7F8F16B6F5F} = {748DDC2A-2CA9-4201-9DB0-7B63864B0E48}
		{8A5EB86F-6FD1-4B54-AD62-6FBBC64EB2E5} = {85B3A118-64F5-44A2-998D-FFAC78E48D3C}
	EndGlobalSection
	GlobalSection(ExtensibilityGlobals) = postSolution
		SolutionGuid = {8BE6E0AC-38FD-46CE-BF44-1F097E924BAC}
	EndGlobalSection
EndGlobal
